// !$*UTF8*$!
{
	archiveVersion = 1;
	classes = {
	};
	objectVersion = 46;
	objects = {

/* Begin PBXBuildFile section */
		887E793018F131B50056A87B /* Foundation.framework in Frameworks */ = {isa = PBXBuildFile; fileRef = 887E792F18F131B50056A87B /* Foundation.framework */; };
		887E793218F131B50056A87B /* CoreGraphics.framework in Frameworks */ = {isa = PBXBuildFile; fileRef = 887E793118F131B50056A87B /* CoreGraphics.framework */; };
		887E793418F131B50056A87B /* UIKit.framework in Frameworks */ = {isa = PBXBuildFile; fileRef = 887E793318F131B50056A87B /* UIKit.framework */; };
		887E793A18F131B50056A87B /* InfoPlist.strings in Resources */ = {isa = PBXBuildFile; fileRef = 887E793818F131B50056A87B /* InfoPlist.strings */; };
		887E793C18F131B50056A87B /* main.m in Sources */ = {isa = PBXBuildFile; fileRef = 887E793B18F131B50056A87B /* main.m */; };
		887E794018F131B50056A87B /* GATAppDelegate.m in Sources */ = {isa = PBXBuildFile; fileRef = 887E793F18F131B50056A87B /* GATAppDelegate.m */; };
		887E794318F131B50056A87B /* Main.storyboard in Resources */ = {isa = PBXBuildFile; fileRef = 887E794118F131B50056A87B /* Main.storyboard */; };
		887E794618F131B50056A87B /* GATViewController.m in Sources */ = {isa = PBXBuildFile; fileRef = 887E794518F131B50056A87B /* GATViewController.m */; };
		887E794818F131B50056A87B /* Images.xcassets in Resources */ = {isa = PBXBuildFile; fileRef = 887E794718F131B50056A87B /* Images.xcassets */; };
		887E794F18F131B50056A87B /* XCTest.framework in Frameworks */ = {isa = PBXBuildFile; fileRef = 887E794E18F131B50056A87B /* XCTest.framework */; };
		887E795018F131B50056A87B /* Foundation.framework in Frameworks */ = {isa = PBXBuildFile; fileRef = 887E792F18F131B50056A87B /* Foundation.framework */; };
		887E795118F131B50056A87B /* UIKit.framework in Frameworks */ = {isa = PBXBuildFile; fileRef = 887E793318F131B50056A87B /* UIKit.framework */; };
		887E795918F131B50056A87B /* InfoPlist.strings in Resources */ = {isa = PBXBuildFile; fileRef = 887E795718F131B50056A87B /* InfoPlist.strings */; };
		887E795B18F131B50056A87B /* Club_Distance_TrackingTests.m in Sources */ = {isa = PBXBuildFile; fileRef = 887E795A18F131B50056A87B /* Club_Distance_TrackingTests.m */; };
/* End PBXBuildFile section */

/* Begin PBXContainerItemProxy section */
		887E795218F131B50056A87B /* PBXContainerItemProxy */ = {
			isa = PBXContainerItemProxy;
			containerPortal = 887E792418F131B50056A87B /* Project object */;
			proxyType = 1;
			remoteGlobalIDString = 887E792B18F131B50056A87B;
			remoteInfo = "Club Distance Tracking";
		};
/* End PBXContainerItemProxy section */

/* Begin PBXFileReference section */
		887E792C18F131B50056A87B /* Club Distance Tracking.app */ = {isa = PBXFileReference; explicitFileType = wrapper.application; includeInIndex = 0; path = "Club Distance Tracking.app"; sourceTree = BUILT_PRODUCTS_DIR; };
		887E792F18F131B50056A87B /* Foundation.framework */ = {isa = PBXFileReference; lastKnownFileType = wrapper.framework; name = Foundation.framework; path = System/Library/Frameworks/Foundation.framework; sourceTree = SDKROOT; };
		887E793118F131B50056A87B /* CoreGraphics.framework */ = {isa = PBXFileReference; lastKnownFileType = wrapper.framework; name = CoreGraphics.framework; path = System/Library/Frameworks/CoreGraphics.framework; sourceTree = SDKROOT; };
		887E793318F131B50056A87B /* UIKit.framework */ = {isa = PBXFileReference; lastKnownFileType = wrapper.framework; name = UIKit.framework; path = System/Library/Frameworks/UIKit.framework; sourceTree = SDKROOT; };
		887E793718F131B50056A87B /* Club Distance Tracking-Info.plist */ = {isa = PBXFileReference; lastKnownFileType = text.plist.xml; path = "Club Distance Tracking-Info.plist"; sourceTree = "<group>"; };
		887E793918F131B50056A87B /* en */ = {isa = PBXFileReference; lastKnownFileType = text.plist.strings; name = en; path = en.lproj/InfoPlist.strings; sourceTree = "<group>"; };
		887E793B18F131B50056A87B /* main.m */ = {isa = PBXFileReference; lastKnownFileType = sourcecode.c.objc; path = main.m; sourceTree = "<group>"; };
		887E793D18F131B50056A87B /* Club Distance Tracking-Prefix.pch */ = {isa = PBXFileReference; lastKnownFileType = sourcecode.c.h; path = "Club Distance Tracking-Prefix.pch"; sourceTree = "<group>"; };
		887E793E18F131B50056A87B /* GATAppDelegate.h */ = {isa = PBXFileReference; lastKnownFileType = sourcecode.c.h; path = GATAppDelegate.h; sourceTree = "<group>"; };
		887E793F18F131B50056A87B /* GATAppDelegate.m */ = {isa = PBXFileReference; lastKnownFileType = sourcecode.c.objc; path = GATAppDelegate.m; sourceTree = "<group>"; };
		887E794218F131B50056A87B /* Base */ = {isa = PBXFileReference; lastKnownFileType = file.storyboard; name = Base; path = Base.lproj/Main.storyboard; sourceTree = "<group>"; };
		887E794418F131B50056A87B /* GATViewController.h */ = {isa = PBXFileReference; lastKnownFileType = sourcecode.c.h; path = GATViewController.h; sourceTree = "<group>"; };
		887E794518F131B50056A87B /* GATViewController.m */ = {isa = PBXFileReference; lastKnownFileType = sourcecode.c.objc; path = GATViewController.m; sourceTree = "<group>"; };
		887E794718F131B50056A87B /* Images.xcassets */ = {isa = PBXFileReference; lastKnownFileType = folder.assetcatalog; path = Images.xcassets; sourceTree = "<group>"; };
		887E794D18F131B50056A87B /* Club Distance TrackingTests.xctest */ = {isa = PBXFileReference; explicitFileType = wrapper.cfbundle; includeInIndex = 0; path = "Club Distance TrackingTests.xctest"; sourceTree = BUILT_PRODUCTS_DIR; };
		887E794E18F131B50056A87B /* XCTest.framework */ = {isa = PBXFileReference; lastKnownFileType = wrapper.framework; name = XCTest.framework; path = Library/Frameworks/XCTest.framework; sourceTree = DEVELOPER_DIR; };
		887E795618F131B50056A87B /* Club Distance TrackingTests-Info.plist */ = {isa = PBXFileReference; lastKnownFileType = text.plist.xml; path = "Club Distance TrackingTests-Info.plist"; sourceTree = "<group>"; };
		887E795818F131B50056A87B /* en */ = {isa = PBXFileReference; lastKnownFileType = text.plist.strings; name = en; path = en.lproj/InfoPlist.strings; sourceTree = "<group>"; };
		887E795A18F131B50056A87B /* Club_Distance_TrackingTests.m */ = {isa = PBXFileReference; lastKnownFileType = sourcecode.c.objc; path = Club_Distance_TrackingTests.m; sourceTree = "<group>"; };
/* End PBXFileReference section */

/* Begin PBXFrameworksBuildPhase section */
		887E792918F131B50056A87B /* Frameworks */ = {
			isa = PBXFrameworksBuildPhase;
			buildActionMask = 2147483647;
			files = (
				887E793218F131B50056A87B /* CoreGraphics.framework in Frameworks */,
				887E793418F131B50056A87B /* UIKit.framework in Frameworks */,
				887E793018F131B50056A87B /* Foundation.framework in Frameworks */,
			);
			runOnlyForDeploymentPostprocessing = 0;
		};
		887E794A18F131B50056A87B /* Frameworks */ = {
			isa = PBXFrameworksBuildPhase;
			buildActionMask = 2147483647;
			files = (
				887E794F18F131B50056A87B /* XCTest.framework in Frameworks */,
				887E795118F131B50056A87B /* UIKit.framework in Frameworks */,
				887E795018F131B50056A87B /* Foundation.framework in Frameworks */,
			);
			runOnlyForDeploymentPostprocessing = 0;
		};
/* End PBXFrameworksBuildPhase section */

/* Begin PBXGroup section */
		887E792318F131B50056A87B = {
			isa = PBXGroup;
			children = (
				887E793518F131B50056A87B /* Club Distance Tracking */,
				887E795418F131B50056A87B /* Club Distance TrackingTests */,
				887E792E18F131B50056A87B /* Frameworks */,
				887E792D18F131B50056A87B /* Products */,
			);
			sourceTree = "<group>";
		};
		887E792D18F131B50056A87B /* Products */ = {
			isa = PBXGroup;
			children = (
				887E792C18F131B50056A87B /* Club Distance Tracking.app */,
				887E794D18F131B50056A87B /* Club Distance TrackingTests.xctest */,
			);
			name = Products;
			sourceTree = "<group>";
		};
		887E792E18F131B50056A87B /* Frameworks */ = {
			isa = PBXGroup;
			children = (
				887E792F18F131B50056A87B /* Foundation.framework */,
				887E793118F131B50056A87B /* CoreGraphics.framework */,
				887E793318F131B50056A87B /* UIKit.framework */,
				887E794E18F131B50056A87B /* XCTest.framework */,
			);
			name = Frameworks;
			sourceTree = "<group>";
		};
		887E793518F131B50056A87B /* Club Distance Tracking */ = {
			isa = PBXGroup;
			children = (
				887E793E18F131B50056A87B /* GATAppDelegate.h */,
				887E793F18F131B50056A87B /* GATAppDelegate.m */,
				887E794118F131B50056A87B /* Main.storyboard */,
				887E794418F131B50056A87B /* GATViewController.h */,
				887E794518F131B50056A87B /* GATViewController.m */,
				887E794718F131B50056A87B /* Images.xcassets */,
				887E793618F131B50056A87B /* Supporting Files */,
			);
			path = "Club Distance Tracking";
			sourceTree = "<group>";
		};
		887E793618F131B50056A87B /* Supporting Files */ = {
			isa = PBXGroup;
			children = (
				887E793718F131B50056A87B /* Club Distance Tracking-Info.plist */,
				887E793818F131B50056A87B /* InfoPlist.strings */,
				887E793B18F131B50056A87B /* main.m */,
				887E793D18F131B50056A87B /* Club Distance Tracking-Prefix.pch */,
			);
			name = "Supporting Files";
			sourceTree = "<group>";
		};
		887E795418F131B50056A87B /* Club Distance TrackingTests */ = {
			isa = PBXGroup;
			children = (
				887E795A18F131B50056A87B /* Club_Distance_TrackingTests.m */,
				887E795518F131B50056A87B /* Supporting Files */,
			);
			path = "Club Distance TrackingTests";
			sourceTree = "<group>";
		};
		887E795518F131B50056A87B /* Supporting Files */ = {
			isa = PBXGroup;
			children = (
				887E795618F131B50056A87B /* Club Distance TrackingTests-Info.plist */,
				887E795718F131B50056A87B /* InfoPlist.strings */,
			);
			name = "Supporting Files";
			sourceTree = "<group>";
		};
/* End PBXGroup section */

/* Begin PBXNativeTarget section */
		887E792B18F131B50056A87B /* Club Distance Tracking */ = {
			isa = PBXNativeTarget;
			buildConfigurationList = 887E795E18F131B50056A87B /* Build configuration list for PBXNativeTarget "Club Distance Tracking" */;
			buildPhases = (
				887E792818F131B50056A87B /* Sources */,
				887E792918F131B50056A87B /* Frameworks */,
				887E792A18F131B50056A87B /* Resources */,
			);
			buildRules = (
			);
			dependencies = (
			);
			name = "Club Distance Tracking";
			productName = "Club Distance Tracking";
			productReference = 887E792C18F131B50056A87B /* Club Distance Tracking.app */;
			productType = "com.apple.product-type.application";
		};
		887E794C18F131B50056A87B /* Club Distance TrackingTests */ = {
			isa = PBXNativeTarget;
			buildConfigurationList = 887E796118F131B50056A87B /* Build configuration list for PBXNativeTarget "Club Distance TrackingTests" */;
			buildPhases = (
				887E794918F131B50056A87B /* Sources */,
				887E794A18F131B50056A87B /* Frameworks */,
				887E794B18F131B50056A87B /* Resources */,
			);
			buildRules = (
			);
			dependencies = (
				887E795318F131B50056A87B /* PBXTargetDependency */,
			);
			name = "Club Distance TrackingTests";
			productName = "Club Distance TrackingTests";
			productReference = 887E794D18F131B50056A87B /* Club Distance TrackingTests.xctest */;
			productType = "com.apple.product-type.bundle.unit-test";
		};
/* End PBXNativeTarget section */

/* Begin PBXProject section */
		887E792418F131B50056A87B /* Project object */ = {
			isa = PBXProject;
			attributes = {
				CLASSPREFIX = GAT;
				LastUpgradeCheck = 0510;
				ORGANIZATIONNAME = "Jesse Gatt";
				TargetAttributes = {
					887E794C18F131B50056A87B = {
						TestTargetID = 887E792B18F131B50056A87B;
					};
				};
			};
			buildConfigurationList = 887E792718F131B50056A87B /* Build configuration list for PBXProject "Club Distance Tracking" */;
			compatibilityVersion = "Xcode 3.2";
			developmentRegion = English;
			hasScannedForEncodings = 0;
			knownRegions = (
				en,
				Base,
			);
			mainGroup = 887E792318F131B50056A87B;
			productRefGroup = 887E792D18F131B50056A87B /* Products */;
			projectDirPath = "";
			projectRoot = "";
			targets = (
				887E792B18F131B50056A87B /* Club Distance Tracking */,
				887E794C18F131B50056A87B /* Club Distance TrackingTests */,
			);
		};
/* End PBXProject section */

/* Begin PBXResourcesBuildPhase section */
		887E792A18F131B50056A87B /* Resources */ = {
			isa = PBXResourcesBuildPhase;
			buildActionMask = 2147483647;
			files = (
				887E794818F131B50056A87B /* Images.xcassets in Resources */,
				887E793A18F131B50056A87B /* InfoPlist.strings in Resources */,
				887E794318F131B50056A87B /* Main.storyboard in Resources */,
			);
			runOnlyForDeploymentPostprocessing = 0;
		};
		887E794B18F131B50056A87B /* Resources */ = {
			isa = PBXResourcesBuildPhase;
			buildActionMask = 2147483647;
			files = (
				887E795918F131B50056A87B /* InfoPlist.strings in Resources */,
			);
			runOnlyForDeploymentPostprocessing = 0;
		};
/* End PBXResourcesBuildPhase section */

/* Begin PBXSourcesBuildPhase section */
		887E792818F131B50056A87B /* Sources */ = {
			isa = PBXSourcesBuildPhase;
			buildActionMask = 2147483647;
			files = (
				887E793C18F131B50056A87B /* main.m in Sources */,
				887E794018F131B50056A87B /* GATAppDelegate.m in Sources */,
				887E794618F131B50056A87B /* GATViewController.m in Sources */,
			);
			runOnlyForDeploymentPostprocessing = 0;
		};
		887E794918F131B50056A87B /* Sources */ = {
			isa = PBXSourcesBuildPhase;
			buildActionMask = 2147483647;
			files = (
				887E795B18F131B50056A87B /* Club_Distance_TrackingTests.m in Sources */,
			);
			runOnlyForDeploymentPostprocessing = 0;
		};
/* End PBXSourcesBuildPhase section */

/* Begin PBXTargetDependency section */
		887E795318F131B50056A87B /* PBXTargetDependency */ = {
			isa = PBXTargetDependency;
			target = 887E792B18F131B50056A87B /* Club Distance Tracking */;
			targetProxy = 887E795218F131B50056A87B /* PBXContainerItemProxy */;
		};
/* End PBXTargetDependency section */

/* Begin PBXVariantGroup section */
		887E793818F131B50056A87B /* InfoPlist.strings */ = {
			isa = PBXVariantGroup;
			children = (
				887E793918F131B50056A87B /* en */,
			);
			name = InfoPlist.strings;
			sourceTree = "<group>";
		};
		887E794118F131B50056A87B /* Main.storyboard */ = {
			isa = PBXVariantGroup;
			children = (
				887E794218F131B50056A87B /* Base */,
			);
			name = Main.storyboard;
			sourceTree = "<group>";
		};
		887E795718F131B50056A87B /* InfoPlist.strings */ = {
			isa = PBXVariantGroup;
			children = (
				887E795818F131B50056A87B /* en */,
			);
			name = InfoPlist.strings;
			sourceTree = "<group>";
		};
/* End PBXVariantGroup section */

/* Begin XCBuildConfiguration section */
		887E795C18F131B50056A87B /* Debug */ = {
			isa = XCBuildConfiguration;
			buildSettings = {
				ALWAYS_SEARCH_USER_PATHS = NO;
				CLANG_CXX_LANGUAGE_STANDARD = "gnu++0x";
				CLANG_CXX_LIBRARY = "libc++";
				CLANG_ENABLE_MODULES = YES;
				CLANG_ENABLE_OBJC_ARC = YES;
				CLANG_WARN_BOOL_CONVERSION = YES;
				CLANG_WARN_CONSTANT_CONVERSION = YES;
				CLANG_WARN_DIRECT_OBJC_ISA_USAGE = YES_ERROR;
				CLANG_WARN_EMPTY_BODY = YES;
				CLANG_WARN_ENUM_CONVERSION = YES;
				CLANG_WARN_INT_CONVERSION = YES;
				CLANG_WARN_OBJC_ROOT_CLASS = YES_ERROR;
				CLANG_WARN__DUPLICATE_METHOD_MATCH = YES;
				"CODE_SIGN_IDENTITY[sdk=iphoneos*]" = "iPhone Developer";
				COPY_PHASE_STRIP = NO;
				GCC_C_LANGUAGE_STANDARD = gnu99;
				GCC_DYNAMIC_NO_PIC = NO;
				GCC_OPTIMIZATION_LEVEL = 0;
				GCC_PREPROCESSOR_DEFINITIONS = (
					"DEBUG=1",
					"$(inherited)",
				);
				GCC_SYMBOLS_PRIVATE_EXTERN = NO;
				GCC_WARN_64_TO_32_BIT_CONVERSION = YES;
				GCC_WARN_ABOUT_RETURN_TYPE = YES_ERROR;
				GCC_WARN_UNDECLARED_SELECTOR = YES;
				GCC_WARN_UNINITIALIZED_AUTOS = YES_AGGRESSIVE;
				GCC_WARN_UNUSED_FUNCTION = YES;
				GCC_WARN_UNUSED_VARIABLE = YES;
				IPHONEOS_DEPLOYMENT_TARGET = 7.1;
				ONLY_ACTIVE_ARCH = YES;
				SDKROOT = iphoneos;
			};
			name = Debug;
		};
		887E795D18F131B50056A87B /* Release */ = {
			isa = XCBuildConfiguration;
			buildSettings = {
				ALWAYS_SEARCH_USER_PATHS = NO;
				CLANG_CXX_LANGUAGE_STANDARD = "gnu++0x";
				CLANG_CXX_LIBRARY = "libc++";
				CLANG_ENABLE_MODULES = YES;
				CLANG_ENABLE_OBJC_ARC = YES;
				CLANG_WARN_BOOL_CONVERSION = YES;
				CLANG_WARN_CONSTANT_CONVERSION = YES;
				CLANG_WARN_DIRECT_OBJC_ISA_USAGE = YES_ERROR;
				CLANG_WARN_EMPTY_BODY = YES;
				CLANG_WARN_ENUM_CONVERSION = YES;
				CLANG_WARN_INT_CONVERSION = YES;
				CLANG_WARN_OBJC_ROOT_CLASS = YES_ERROR;
				CLANG_WARN__DUPLICATE_METHOD_MATCH = YES;
				"CODE_SIGN_IDENTITY[sdk=iphoneos*]" = "iPhone Developer";
				COPY_PHASE_STRIP = YES;
				ENABLE_NS_ASSERTIONS = NO;
				GCC_C_LANGUAGE_STANDARD = gnu99;
				GCC_WARN_64_TO_32_BIT_CONVERSION = YES;
				GCC_WARN_ABOUT_RETURN_TYPE = YES_ERROR;
				GCC_WARN_UNDECLARED_SELECTOR = YES;
				GCC_WARN_UNINITIALIZED_AUTOS = YES_AGGRESSIVE;
				GCC_WARN_UNUSED_FUNCTION = YES;
				GCC_WARN_UNUSED_VARIABLE = YES;
				IPHONEOS_DEPLOYMENT_TARGET = 7.1;
				SDKROOT = iphoneos;
				VALIDATE_PRODUCT = YES;
			};
			name = Release;
		};
		887E795F18F131B50056A87B /* Debug */ = {
			isa = XCBuildConfiguration;
			buildSettings = {
				ASSETCATALOG_COMPILER_APPICON_NAME = AppIcon;
				ASSETCATALOG_COMPILER_LAUNCHIMAGE_NAME = LaunchImage;
				GCC_PRECOMPILE_PREFIX_HEADER = YES;
				GCC_PREFIX_HEADER = "Club Distance Tracking/Club Distance Tracking-Prefix.pch";
				INFOPLIST_FILE = "Club Distance Tracking/Club Distance Tracking-Info.plist";
				PRODUCT_NAME = "$(TARGET_NAME)";
				WRAPPER_EXTENSION = app;
			};
			name = Debug;
		};
		887E796018F131B50056A87B /* Release */ = {
			isa = XCBuildConfiguration;
			buildSettings = {
				ASSETCATALOG_COMPILER_APPICON_NAME = AppIcon;
				ASSETCATALOG_COMPILER_LAUNCHIMAGE_NAME = LaunchImage;
				GCC_PRECOMPILE_PREFIX_HEADER = YES;
				GCC_PREFIX_HEADER = "Club Distance Tracking/Club Distance Tracking-Prefix.pch";
				INFOPLIST_FILE = "Club Distance Tracking/Club Distance Tracking-Info.plist";
				PRODUCT_NAME = "$(TARGET_NAME)";
				WRAPPER_EXTENSION = app;
			};
			name = Release;
		};
		887E796218F131B50056A87B /* Debug */ = {
			isa = XCBuildConfiguration;
			buildSettings = {
				BUNDLE_LOADER = "$(BUILT_PRODUCTS_DIR)/Club Distance Tracking.app/Club Distance Tracking";
				FRAMEWORK_SEARCH_PATHS = (
					"$(SDKROOT)/Developer/Library/Frameworks",
					"$(inherited)",
					"$(DEVELOPER_FRAMEWORKS_DIR)",
				);
				GCC_PRECOMPILE_PREFIX_HEADER = YES;
				GCC_PREFIX_HEADER = "Club Distance Tracking/Club Distance Tracking-Prefix.pch";
				GCC_PREPROCESSOR_DEFINITIONS = (
					"DEBUG=1",
					"$(inherited)",
				);
				INFOPLIST_FILE = "Club Distance TrackingTests/Club Distance TrackingTests-Info.plist";
				PRODUCT_NAME = "$(TARGET_NAME)";
				TEST_HOST = "$(BUNDLE_LOADER)";
				WRAPPER_EXTENSION = xctest;
			};
			name = Debug;
		};
		887E796318F131B50056A87B /* Release */ = {
			isa = XCBuildConfiguration;
			buildSettings = {
				BUNDLE_LOADER = "$(BUILT_PRODUCTS_DIR)/Club Distance Tracking.app/Club Distance Tracking";
				FRAMEWORK_SEARCH_PATHS = (
					"$(SDKROOT)/Developer/Library/Frameworks",
					"$(inherited)",
					"$(DEVELOPER_FRAMEWORKS_DIR)",
				);
				GCC_PRECOMPILE_PREFIX_HEADER = YES;
				GCC_PREFIX_HEADER = "Club Distance Tracking/Club Distance Tracking-Prefix.pch";
				INFOPLIST_FILE = "Club Distance TrackingTests/Club Distance TrackingTests-Info.plist";
				PRODUCT_NAME = "$(TARGET_NAME)";
				TEST_HOST = "$(BUNDLE_LOADER)";
				WRAPPER_EXTENSION = xctest;
			};
			name = Release;
		};
/* End XCBuildConfiguration section */

/* Begin XCConfigurationList section */
		887E792718F131B50056A87B /* Build configuration list for PBXProject "Club Distance Tracking" */ = {
			isa = XCConfigurationList;
			buildConfigurations = (
				887E795C18F131B50056A87B /* Debug */,
				887E795D18F131B50056A87B /* Release */,
			);
			defaultConfigurationIsVisible = 0;
			defaultConfigurationName = Release;
		};
		887E795E18F131B50056A87B /* Build configuration list for PBXNativeTarget "Club Distance Tracking" */ = {
			isa = XCConfigurationList;
			buildConfigurations = (
				887E795F18F131B50056A87B /* Debug */,
				887E796018F131B50056A87B /* Release */,
			);
			defaultConfigurationIsVisible = 0;
		};
		887E796118F131B50056A87B /* Build configuration list for PBXNativeTarget "Club Distance TrackingTests" */ = {
			isa = XCConfigurationList;
			buildConfigurations = (
				887E796218F131B50056A87B /* Debug */,
				887E796318F131B50056A87B /* Release */,
			);
			defaultConfigurationIsVisible = 0;
		};
/* End XCConfigurationList section */
	};
	rootObject = 887E792418F131B50056A87B /* Project object */;
}
